
Microsoft Visual Studio Solution File, Format Version 12.00
# Visual Studio Version 16
VisualStudioVersion = 16.0.30804.86
MinimumVisualStudioVersion = 10.0.40219.1
Project("{FAE04EC0-301F-11D3-BF4B-00C04F79EFBC}") = "Security", "Security\Security.csproj", "{602B391A-879E-448A-9FAC-CB8B4F55B2F2}"
EndProject
Global
	GlobalSection(SolutionConfigurationPlatforms) = preSolution
		Debug|Any CPU = Debug|Any CPU
		Release|Any CPU = Release|Any CPU
	EndGlobalSection
	GlobalSection(ProjectConfigurationPlatforms) = postSolution
		{602B391A-879E-448A-9FAC-CB8B4F55B2F2}.Debug|Any CPU.ActiveCfg = Debug|Any CPU
		{602B391A-879E-448A-9FAC-CB8B4F55B2F2}.Debug|Any CPU.Build.0 = Debug|Any CPU
		{602B391A-879E-448A-9FAC-CB8B4F55B2F2}.Release|Any CPU.ActiveCfg = Release|Any CPU
		{602B391A-879E-448A-9FAC-CB8B4F55B2F2}.Release|Any CPU.Build.0 = Release|Any CPU
	EndGlobalSection
	GlobalSection(SolutionProperties) = preSolution
		HideSolutionNode = FALSE
	EndGlobalSection
	GlobalSection(ExtensibilityGlobals) = postSolution
		SolutionGuid = {5B2E3E5D-D4ED-4801-81AF-55C90B133452}
	EndGlobalSection
EndGlobal
